
Microsoft Visual Studio Solution File, Format Version 12.00
# Visual Studio Version 16
VisualStudioVersion = 16.0.31624.102
MinimumVisualStudioVersion = 10.0.40219.1
Project("{FAE04EC0-301F-11D3-BF4B-00C04F79EFBC}") = "TCPFileTranfser", "TCPFileTranfser\TCPFileTranfser.csproj", "{BF26C615-1C29-407B-B482-D1EA5B057950}"
EndProject
Project("{FAE04EC0-301F-11D3-BF4B-00C04F79EFBC}") = "TCPFileReceive", "TCPFileReceive\TCPFileReceive.csproj", "{5F6D33AB-458D-492B-846A-18B820AF5889}"
EndProject
Global
	GlobalSection(SolutionConfigurationPlatforms) = preSolution
		Debug|Any CPU = Debug|Any CPU
		Release|Any CPU = Release|Any CPU
	EndGlobalSection
	GlobalSection(ProjectConfigurationPlatforms) = postSolution
		{BF26C615-1C29-407B-B482-D1EA5B057950}.Debug|Any CPU.ActiveCfg = Debug|Any CPU
		{BF26C615-1C29-407B-B482-D1EA5B057950}.Debug|Any CPU.Build.0 = Debug|Any CPU
		{BF26C615-1C29-407B-B482-D1EA5B057950}.Release|Any CPU.ActiveCfg = Release|Any CPU
		{BF26C615-1C29-407B-B482-D1EA5B057950}.Release|Any CPU.Build.0 = Release|Any CPU
		{5F6D33AB-458D-492B-846A-18B820AF5889}.Debug|Any CPU.ActiveCfg = Debug|Any CPU
		{5F6D33AB-458D-492B-846A-18B820AF5889}.Debug|Any CPU.Build.0 = Debug|Any CPU
		{5F6D33AB-458D-492B-846A-18B820AF5889}.Release|Any CPU.ActiveCfg = Release|Any CPU
		{5F6D33AB-458D-492B-846A-18B820AF5889}.Release|Any CPU.Build.0 = Release|Any CPU
	EndGlobalSection
	GlobalSection(SolutionProperties) = preSolution
		HideSolutionNode = FALSE
	EndGlobalSection
	GlobalSection(ExtensibilityGlobals) = postSolution
		SolutionGuid = {7CAE16EC-4B70-4126-AF99-F9C22B822165}
	EndGlobalSection
EndGlobal
